
Microsoft Visual Studio Solution File, Format Version 12.00
# Visual Studio Version 17
VisualStudioVersion = 17.0.31903.59
MinimumVisualStudioVersion = 10.0.40219.1
Project("{2150E333-8FDC-42A3-9474-1A3956D46DE8}") = "src", "src", "{827E0CD3-B72D-47B6-A68D-7590B98EB39B}"
EndProject
Project("{FAE04EC0-301F-11D3-BF4B-00C04F79EFBC}") = "CEBAS.Api", "src\CEBAS.Api\CEBAS.Api.csproj", "{7C31EDAE-C694-48BD-824B-FFBB13FD640F}"
EndProject
Project("{FAE04EC0-301F-11D3-BF4B-00C04F79EFBC}") = "CEBAS.Infrastructure", "src\CEBAS.Infrastructure\CEBAS.Infrastructure.csproj", "{A1D2ACC3-2548-4AF4-8B88-EAE4408BA9DE}"
EndProject
Project("{FAE04EC0-301F-11D3-BF4B-00C04F79EFBC}") = "CEBAS.Application", "src\CEBAS.Application\CEBAS.Application.csproj", "{C6D489BE-A380-4B06-9342-FF850405CBB2}"
EndProject
Project("{FAE04EC0-301F-11D3-BF4B-00C04F79EFBC}") = "CEBAS.Domain", "src\CEBAS.Domain\CEBAS.Domain.csproj", "{89C1F2C1-3B8E-43C6-BD85-2BD0EE7195BB}"
EndProject
Project("{2150E333-8FDC-42A3-9474-1A3956D46DE8}") = "tests", "tests", "{0AB3BF05-4346-4AA6-1389-037BE0695223}"
EndProject
Project("{FAE04EC0-301F-11D3-BF4B-00C04F79EFBC}") = "CEBAS.IntegrationTests", "tests\CEBAS.IntegrationTests\CEBAS.IntegrationTests.csproj", "{4099B7C9-D958-4391-B237-A784D6B527AE}"
EndProject
Project("{FAE04EC0-301F-11D3-BF4B-00C04F79EFBC}") = "CEBAS.UnitTests", "tests\CEBAS.UnitTests\CEBAS.UnitTests.csproj", "{007749AE-A7EA-4E22-82EB-597FC78C878E}"
EndProject
Global
	GlobalSection(SolutionConfigurationPlatforms) = preSolution
		Debug|Any CPU = Debug|Any CPU
		Debug|x64 = Debug|x64
		Debug|x86 = Debug|x86
		Release|Any CPU = Release|Any CPU
		Release|x64 = Release|x64
		Release|x86 = Release|x86
	EndGlobalSection
	GlobalSection(ProjectConfigurationPlatforms) = postSolution
		{7C31EDAE-C694-48BD-824B-FFBB13FD640F}.Debug|Any CPU.ActiveCfg = Debug|Any CPU
		{7C31EDAE-C694-48BD-824B-FFBB13FD640F}.Debug|Any CPU.Build.0 = Debug|Any CPU
		{7C31EDAE-C694-48BD-824B-FFBB13FD640F}.Debug|x64.ActiveCfg = Debug|Any CPU
		{7C31EDAE-C694-48BD-824B-FFBB13FD640F}.Debug|x64.Build.0 = Debug|Any CPU
		{7C31EDAE-C694-48BD-824B-FFBB13FD640F}.Debug|x86.ActiveCfg = Debug|Any CPU
		{7C31EDAE-C694-48BD-824B-FFBB13FD640F}.Debug|x86.Build.0 = Debug|Any CPU
		{7C31EDAE-C694-48BD-824B-FFBB13FD640F}.Release|Any CPU.ActiveCfg = Release|Any CPU
		{7C31EDAE-C694-48BD-824B-FFBB13FD640F}.Release|Any CPU.Build.0 = Release|Any CPU
		{7C31EDAE-C694-48BD-824B-FFBB13FD640F}.Release|x64.ActiveCfg = Release|Any CPU
		{7C31EDAE-C694-48BD-824B-FFBB13FD640F}.Release|x64.Build.0 = Release|Any CPU
		{7C31EDAE-C694-48BD-824B-FFBB13FD640F}.Release|x86.ActiveCfg = Release|Any CPU
		{7C31EDAE-C694-48BD-824B-FFBB13FD640F}.Release|x86.Build.0 = Release|Any CPU
		{A1D2ACC3-2548-4AF4-8B88-EAE4408BA9DE}.Debug|Any CPU.ActiveCfg = Debug|Any CPU
		{A1D2ACC3-2548-4AF4-8B88-EAE4408BA9DE}.Debug|Any CPU.Build.0 = Debug|Any CPU
		{A1D2ACC3-2548-4AF4-8B88-EAE4408BA9DE}.Debug|x64.ActiveCfg = Debug|Any CPU
		{A1D2ACC3-2548-4AF4-8B88-EAE4408BA9DE}.Debug|x64.Build.0 = Debug|Any CPU
		{A1D2ACC3-2548-4AF4-8B88-EAE4408BA9DE}.Debug|x86.ActiveCfg = Debug|Any CPU
		{A1D2ACC3-2548-4AF4-8B88-EAE4408BA9DE}.Debug|x86.Build.0 = Debug|Any CPU
		{A1D2ACC3-2548-4AF4-8B88-EAE4408BA9DE}.Release|Any CPU.ActiveCfg = Release|Any CPU
		{A1D2ACC3-2548-4AF4-8B88-EAE4408BA9DE}.Release|Any CPU.Build.0 = Release|Any CPU
		{A1D2ACC3-2548-4AF4-8B88-EAE4408BA9DE}.Release|x64.ActiveCfg = Release|Any CPU
		{A1D2ACC3-2548-4AF4-8B88-EAE4408BA9DE}.Release|x64.Build.0 = Release|Any CPU
		{A1D2ACC3-2548-4AF4-8B88-EAE4408BA9DE}.Release|x86.ActiveCfg = Release|Any CPU
		{A1D2ACC3-2548-4AF4-8B88-EAE4408BA9DE}.Release|x86.Build.0 = Release|Any CPU
		{C6D489BE-A380-4B06-9342-FF850405CBB2}.Debug|Any CPU.ActiveCfg = Debug|Any CPU
		{C6D489BE-A380-4B06-9342-FF850405CBB2}.Debug|Any CPU.Build.0 = Debug|Any CPU
		{C6D489BE-A380-4B06-9342-FF850405CBB2}.Debug|x64.ActiveCfg = Debug|Any CPU
		{C6D489BE-A380-4B06-9342-FF850405CBB2}.Debug|x64.Build.0 = Debug|Any CPU
		{C6D489BE-A380-4B06-9342-FF850405CBB2}.Debug|x86.ActiveCfg = Debug|Any CPU
		{C6D489BE-A380-4B06-9342-FF850405CBB2}.Debug|x86.Build.0 = Debug|Any CPU
		{C6D489BE-A380-4B06-9342-FF850405CBB2}.Release|Any CPU.ActiveCfg = Release|Any CPU
		{C6D489BE-A380-4B06-9342-FF850405CBB2}.Release|Any CPU.Build.0 = Release|Any CPU
		{C6D489BE-A380-4B06-9342-FF850405CBB2}.Release|x64.ActiveCfg = Release|Any CPU
		{C6D489BE-A380-4B06-9342-FF850405CBB2}.Release|x64.Build.0 = Release|Any CPU
		{C6D489BE-A380-4B06-9342-FF850405CBB2}.Release|x86.ActiveCfg = Release|Any CPU
		{C6D489BE-A380-4B06-9342-FF850405CBB2}.Release|x86.Build.0 = Release|Any CPU
		{89C1F2C1-3B8E-43C6-BD85-2BD0EE7195BB}.Debug|Any CPU.ActiveCfg = Debug|Any CPU
		{89C1F2C1-3B8E-43C6-BD85-2BD0EE7195BB}.Debug|Any CPU.Build.0 = Debug|Any CPU
		{89C1F2C1-3B8E-43C6-BD85-2BD0EE7195BB}.Debug|x64.ActiveCfg = Debug|Any CPU
		{89C1F2C1-3B8E-43C6-BD85-2BD0EE7195BB}.Debug|x64.Build.0 = Debug|Any CPU
		{89C1F2C1-3B8E-43C6-BD85-2BD0EE7195BB}.Debug|x86.ActiveCfg = Debug|Any CPU
		{89C1F2C1-3B8E-43C6-BD85-2BD0EE7195BB}.Debug|x86.Build.0 = Debug|Any CPU
		{89C1F2C1-3B8E-43C6-BD85-2BD0EE7195BB}.Release|Any CPU.ActiveCfg = Release|Any CPU
		{89C1F2C1-3B8E-43C6-BD85-2BD0EE7195BB}.Release|Any CPU.Build.0 = Release|Any CPU
		{89C1F2C1-3B8E-43C6-BD85-2BD0EE7195BB}.Release|x64.ActiveCfg = Release|Any CPU
		{89C1F2C1-3B8E-43C6-BD85-2BD0EE7195BB}.Release|x64.Build.0 = Release|Any CPU
		{89C1F2C1-3B8E-43C6-BD85-2BD0EE7195BB}.Release|x86.ActiveCfg = Release|Any CPU
		{89C1F2C1-3B8E-43C6-BD85-2BD0EE7195BB}.Release|x86.Build.0 = Release|Any CPU
		{4099B7C9-D958-4391-B237-A784D6B527AE}.Debug|Any CPU.ActiveCfg = Debug|Any CPU
		{4099B7C9-D958-4391-B237-A784D6B527AE}.Debug|Any CPU.Build.0 = Debug|Any CPU
		{4099B7C9-D958-4391-B237-A784D6B527AE}.Debug|x64.ActiveCfg = Debug|Any CPU
		{4099B7C9-D958-4391-B237-A784D6B527AE}.Debug|x64.Build.0 = Debug|Any CPU
		{4099B7C9-D958-4391-B237-A784D6B527AE}.Debug|x86.ActiveCfg = Debug|Any CPU
		{4099B7C9-D958-4391-B237-A784D6B527AE}.Debug|x86.Build.0 = Debug|Any CPU
		{4099B7C9-D958-4391-B237-A784D6B527AE}.Release|Any CPU.ActiveCfg = Release|Any CPU
		{4099B7C9-D958-4391-B237-A784D6B527AE}.Release|Any CPU.Build.0 = Release|Any CPU
		{4099B7C9-D958-4391-B237-A784D6B527AE}.Release|x64.ActiveCfg = Release|Any CPU
		{4099B7C9-D958-4391-B237-A784D6B527AE}.Release|x64.Build.0 = Release|Any CPU
		{4099B7C9-D958-4391-B237-A784D6B527AE}.Release|x86.ActiveCfg = Release|Any CPU
		{4099B7C9-D958-4391-B237-A784D6B527AE}.Release|x86.Build.0 = Release|Any CPU
		{007749AE-A7EA-4E22-82EB-597FC78C878E}.Debug|Any CPU.ActiveCfg = Debug|Any CPU
		{007749AE-A7EA-4E22-82EB-597FC78C878E}.Debug|Any CPU.Build.0 = Debug|Any CPU
		{007749AE-A7EA-4E22-82EB-597FC78C878E}.Debug|x64.ActiveCfg = Debug|Any CPU
		{007749AE-A7EA-4E22-82EB-597FC78C878E}.Debug|x64.Build.0 = Debug|Any CPU
		{007749AE-A7EA-4E22-82EB-597FC78C878E}.Debug|x86.ActiveCfg = Debug|Any CPU
		{007749AE-A7EA-4E22-82EB-597FC78C878E}.Debug|x86.Build.0 = Debug|Any CPU
		{007749AE-A7EA-4E22-82EB-597FC78C878E}.Release|Any CPU.ActiveCfg = Release|Any CPU
		{007749AE-A7EA-4E22-82EB-597FC78C878E}.Release|Any CPU.Build.0 = Release|Any CPU
		{007749AE-A7EA-4E22-82EB-597FC78C878E}.Release|x64.ActiveCfg = Release|Any CPU
		{007749AE-A7EA-4E22-82EB-597FC78C878E}.Release|x64.Build.0 = Release|Any CPU
		{007749AE-A7EA-4E22-82EB-597FC78C878E}.Release|x86.ActiveCfg = Release|Any CPU
		{007749AE-A7EA-4E22-82EB-597FC78C878E}.Release|x86.Build.0 = Release|Any CPU
	EndGlobalSection
	GlobalSection(SolutionProperties) = preSolution
		HideSolutionNode = FALSE
	EndGlobalSection
	GlobalSection(NestedProjects) = preSolution
		{7C31EDAE-C694-48BD-824B-FFBB13FD640F} = {827E0CD3-B72D-47B6-A68D-7590B98EB39B}
		{A1D2ACC3-2548-4AF4-8B88-EAE4408BA9DE} = {827E0CD3-B72D-47B6-A68D-7590B98EB39B}
		{C6D489BE-A380-4B06-9342-FF850405CBB2} = {827E0CD3-B72D-47B6-A68D-7590B98EB39B}
		{89C1F2C1-3B8E-43C6-BD85-2BD0EE7195BB} = {827E0CD3-B72D-47B6-A68D-7590B98EB39B}
		{4099B7C9-D958-4391-B237-A784D6B527AE} = {0AB3BF05-4346-4AA6-1389-037BE0695223}
		{007749AE-A7EA-4E22-82EB-597FC78C878E} = {0AB3BF05-4346-4AA6-1389-037BE0695223}
	EndGlobalSection
EndGlobal
